{
  "name": "test",
  "version": "1.0.0",
  "lockfileVersion": 3,
  "requires": true,
  "packages": {
    "": {
      "name": "test",
      "version": "1.0.0",
      "license": "ISC",
      "devDependencies": {
        "@types/k6": "^0.54.0"
      }
    },
    "node_modules/@types/k6": {
      "version": "0.54.1",
      "resolved": "https://registry.npmjs.org/@types/k6/-/k6-0.54.1.tgz",
      "integrity": "sha512-ezTMhuWr3TZIMOqAv51/4rD5T4FE1pSryrh5BCgxsniuqxbi5jQ3YEiOlO9C1+LvJcliC2byyd2Cw6cnUY7CLg==",
      "dev": true,
      "license": "MIT"
    }
  }
}
