{
  "name": "test",
  "version": "1.0.0",
  "lockfileVersion": 3,
  "requires": true,
  "packages": {
    "": {
      "name": "test",
      "version": "1.0.0",
      "license": "ISC",
      "devDependencies": {
        "@types/k6": "^1.0.0"
      }
    },
    "node_modules/@types/k6": {
      "version": "1.6.0",
      "resolved": "https://registry.npmjs.org/@types/k6/-/k6-1.6.0.tgz",
      "integrity": "sha512-koixvaHqP241ymqEEgl068kkXek+LhM5YTjysI1ikKUAnmbIKbt8Lngw3nhMHmg3Cihh7viUP/WCIF+FKi4DYQ==",
      "dev": true,
      "license": "MIT"
    }
  }
}
